
Microsoft Visual Studio Solution File, Format Version 12.00
# Visual Studio Version 16
VisualStudioVersion = 16.0.31112.23
MinimumVisualStudioVersion = 10.0.40219.1
Project("{FAE04EC0-301F-11D3-BF4B-00C04F79EFBC}") = "kosar2004", "kosar2004\kosar2004.csproj", "{AE6B6DED-E9C6-4A53-877B-B697FFE56968}"
EndProject
Global
	GlobalSection(SolutionConfigurationPlatforms) = preSolution
		Debug|Any CPU = Debug|Any CPU
		Release|Any CPU = Release|Any CPU
	EndGlobalSection
	GlobalSection(ProjectConfigurationPlatforms) = postSolution
		{AE6B6DED-E9C6-4A53-877B-B697FFE56968}.Debug|Any CPU.ActiveCfg = Debug|Any CPU
		{AE6B6DED-E9C6-4A53-877B-B697FFE56968}.Debug|Any CPU.Build.0 = Debug|Any CPU
		{AE6B6DED-E9C6-4A53-877B-B697FFE56968}.Release|Any CPU.ActiveCfg = Release|Any CPU
		{AE6B6DED-E9C6-4A53-877B-B697FFE56968}.Release|Any CPU.Build.0 = Release|Any CPU
	EndGlobalSection
	GlobalSection(SolutionProperties) = preSolution
		HideSolutionNode = FALSE
	EndGlobalSection
	GlobalSection(ExtensibilityGlobals) = postSolution
		SolutionGuid = {902863D1-43E9-40E3-85FD-CD4B75194DA7}
	EndGlobalSection
EndGlobal
